
Microsoft Visual Studio Solution File, Format Version 12.00
# Visual Studio Version 17
VisualStudioVersion = 17.9.34728.123
MinimumVisualStudioVersion = 10.0.40219.1
Project("{FAE04EC0-301F-11D3-BF4B-00C04F79EFBC}") = "Api.Web", "Api.Web\Api.Web.csproj", "{069AF4CA-0980-4329-925E-E6F07DE226F3}"
EndProject
Project("{FAE04EC0-301F-11D3-BF4B-00C04F79EFBC}") = "Api.Core", "Api.Core\Api.Core.csproj", "{D9AAB4EE-D2FF-41CF-AFD2-AE9E9058DF75}"
EndProject
Project("{FAE04EC0-301F-11D3-BF4B-00C04F79EFBC}") = "Api.Infrastructure", "Api.Infrastructure\Api.Infrastructure.csproj", "{E9CFD2AF-85F2-4414-8EAE-3E397BC76AE8}"
EndProject
Global
	GlobalSection(SolutionConfigurationPlatforms) = preSolution
		Debug|Any CPU = Debug|Any CPU
		Release|Any CPU = Release|Any CPU
	EndGlobalSection
	GlobalSection(ProjectConfigurationPlatforms) = postSolution
		{069AF4CA-0980-4329-925E-E6F07DE226F3}.Debug|Any CPU.ActiveCfg = Debug|Any CPU
		{069AF4CA-0980-4329-925E-E6F07DE226F3}.Debug|Any CPU.Build.0 = Debug|Any CPU
		{069AF4CA-0980-4329-925E-E6F07DE226F3}.Release|Any CPU.ActiveCfg = Release|Any CPU
		{069AF4CA-0980-4329-925E-E6F07DE226F3}.Release|Any CPU.Build.0 = Release|Any CPU
		{D9AAB4EE-D2FF-41CF-AFD2-AE9E9058DF75}.Debug|Any CPU.ActiveCfg = Debug|Any CPU
		{D9AAB4EE-D2FF-41CF-AFD2-AE9E9058DF75}.Debug|Any CPU.Build.0 = Debug|Any CPU
		{D9AAB4EE-D2FF-41CF-AFD2-AE9E9058DF75}.Release|Any CPU.ActiveCfg = Release|Any CPU
		{D9AAB4EE-D2FF-41CF-AFD2-AE9E9058DF75}.Release|Any CPU.Build.0 = Release|Any CPU
		{E9CFD2AF-85F2-4414-8EAE-3E397BC76AE8}.Debug|Any CPU.ActiveCfg = Debug|Any CPU
		{E9CFD2AF-85F2-4414-8EAE-3E397BC76AE8}.Debug|Any CPU.Build.0 = Debug|Any CPU
		{E9CFD2AF-85F2-4414-8EAE-3E397BC76AE8}.Release|Any CPU.ActiveCfg = Release|Any CPU
		{E9CFD2AF-85F2-4414-8EAE-3E397BC76AE8}.Release|Any CPU.Build.0 = Release|Any CPU
	EndGlobalSection
	GlobalSection(SolutionProperties) = preSolution
		HideSolutionNode = FALSE
	EndGlobalSection
	GlobalSection(ExtensibilityGlobals) = postSolution
		SolutionGuid = {E0050892-CBAA-4B46-84B1-58897E975609}
	EndGlobalSection
EndGlobal
