
Microsoft Visual Studio Solution File, Format Version 12.00
# Visual Studio Version 17
VisualStudioVersion = 17.9.34728.123
MinimumVisualStudioVersion = 10.0.40219.1
Project("{FAE04EC0-301F-11D3-BF4B-00C04F79EFBC}") = "WebApi", "WebApi\WebApi.csproj", "{128F33E4-C2A0-4CEE-96D9-DFA6C78C840B}"
EndProject
Project("{FAE04EC0-301F-11D3-BF4B-00C04F79EFBC}") = "Core", "Core\Core.csproj", "{DB20904C-E45C-4D23-9456-7C38B06201BD}"
EndProject
Project("{FAE04EC0-301F-11D3-BF4B-00C04F79EFBC}") = "DatabaseModels", "DatabaseModels\DatabaseModels.csproj", "{F3C5329D-E14E-47EA-A86C-72678FAD790E}"
EndProject
Project("{FAE04EC0-301F-11D3-BF4B-00C04F79EFBC}") = "DatabaseContext", "DatabaseContext\DatabaseContext.csproj", "{9D35DFAE-E159-4F42-AF54-A2C74B1FFE9D}"
EndProject
Global
	GlobalSection(SolutionConfigurationPlatforms) = preSolution
		Debug|Any CPU = Debug|Any CPU
		Release|Any CPU = Release|Any CPU
	EndGlobalSection
	GlobalSection(ProjectConfigurationPlatforms) = postSolution
		{128F33E4-C2A0-4CEE-96D9-DFA6C78C840B}.Debug|Any CPU.ActiveCfg = Debug|Any CPU
		{128F33E4-C2A0-4CEE-96D9-DFA6C78C840B}.Debug|Any CPU.Build.0 = Debug|Any CPU
		{128F33E4-C2A0-4CEE-96D9-DFA6C78C840B}.Release|Any CPU.ActiveCfg = Release|Any CPU
		{128F33E4-C2A0-4CEE-96D9-DFA6C78C840B}.Release|Any CPU.Build.0 = Release|Any CPU
		{DB20904C-E45C-4D23-9456-7C38B06201BD}.Debug|Any CPU.ActiveCfg = Debug|Any CPU
		{DB20904C-E45C-4D23-9456-7C38B06201BD}.Debug|Any CPU.Build.0 = Debug|Any CPU
		{DB20904C-E45C-4D23-9456-7C38B06201BD}.Release|Any CPU.ActiveCfg = Release|Any CPU
		{DB20904C-E45C-4D23-9456-7C38B06201BD}.Release|Any CPU.Build.0 = Release|Any CPU
		{F3C5329D-E14E-47EA-A86C-72678FAD790E}.Debug|Any CPU.ActiveCfg = Debug|Any CPU
		{F3C5329D-E14E-47EA-A86C-72678FAD790E}.Debug|Any CPU.Build.0 = Debug|Any CPU
		{F3C5329D-E14E-47EA-A86C-72678FAD790E}.Release|Any CPU.ActiveCfg = Release|Any CPU
		{F3C5329D-E14E-47EA-A86C-72678FAD790E}.Release|Any CPU.Build.0 = Release|Any CPU
		{9D35DFAE-E159-4F42-AF54-A2C74B1FFE9D}.Debug|Any CPU.ActiveCfg = Debug|Any CPU
		{9D35DFAE-E159-4F42-AF54-A2C74B1FFE9D}.Debug|Any CPU.Build.0 = Debug|Any CPU
		{9D35DFAE-E159-4F42-AF54-A2C74B1FFE9D}.Release|Any CPU.ActiveCfg = Release|Any CPU
		{9D35DFAE-E159-4F42-AF54-A2C74B1FFE9D}.Release|Any CPU.Build.0 = Release|Any CPU
	EndGlobalSection
	GlobalSection(SolutionProperties) = preSolution
		HideSolutionNode = FALSE
	EndGlobalSection
	GlobalSection(ExtensibilityGlobals) = postSolution
		SolutionGuid = {33817C7C-E300-4A54-923B-1F56A1D18815}
	EndGlobalSection
EndGlobal
